
Microsoft Visual Studio Solution File, Format Version 12.00
# Visual Studio 15
VisualStudioVersion = 15.0.28307.438
MinimumVisualStudioVersion = 10.0.40219.1
Project("{FAE04EC0-301F-11D3-BF4B-00C04F79EFBC}") = "WindowsFormsApp1", "WindowsFormsApp1\WindowsFormsApp1.csproj", "{9302D474-FF28-4FD0-8818-34AB1CACF8EE}"
EndProject
Global
	GlobalSection(SolutionConfigurationPlatforms) = preSolution
		Debug|Any CPU = Debug|Any CPU
		Release|Any CPU = Release|Any CPU
	EndGlobalSection
	GlobalSection(ProjectConfigurationPlatforms) = postSolution
		{9302D474-FF28-4FD0-8818-34AB1CACF8EE}.Debug|Any CPU.ActiveCfg = Debug|Any CPU
		{9302D474-FF28-4FD0-8818-34AB1CACF8EE}.Debug|Any CPU.Build.0 = Debug|Any CPU
		{9302D474-FF28-4FD0-8818-34AB1CACF8EE}.Release|Any CPU.ActiveCfg = Release|Any CPU
		{9302D474-FF28-4FD0-8818-34AB1CACF8EE}.Release|Any CPU.Build.0 = Release|Any CPU
	EndGlobalSection
	GlobalSection(SolutionProperties) = preSolution
		HideSolutionNode = FALSE
	EndGlobalSection
	GlobalSection(ExtensibilityGlobals) = postSolution
		SolutionGuid = {6BB01157-7862-478A-A4C1-8040E630123D}
	EndGlobalSection
	GlobalSection(TeamFoundationVersionControl) = preSolution
		SccNumberOfProjects = 2
		SccEnterpriseProvider = {4CA58AB2-18FA-4F8D-95D4-32DDF27D184C}
		SccTeamFoundationServer = http://ddr-tfs01np:8080/tfs/irmacollection
		SccLocalPath0 = .
		SccProjectUniqueName1 = WindowsFormsApp1\\WindowsFormsApp1.csproj
		SccProjectName1 = WindowsFormsApp1
		SccLocalPath1 = WindowsFormsApp1
	EndGlobalSection
EndGlobal
